
Microsoft Visual Studio Solution File, Format Version 12.00
# Visual Studio 14
VisualStudioVersion = 14.0.25123.0
MinimumVisualStudioVersion = 10.0.40219.1
Project("{FAE04EC0-301F-11D3-BF4B-00C04F79EFBC}") = "CABExtracter", "CABExtracter\CABExtracter.csproj", "{FF361D04-3CDE-4AF0-BFBE-9B2A884CA00F}"
EndProject
Project("{FAE04EC0-301F-11D3-BF4B-00C04F79EFBC}") = "PhotoStoryToBloomConverter", "PhotoStoryToBloomConverter\PhotoStoryToBloomConverter.csproj", "{E2F3B110-0E8E-4430-A519-F56C1FFC4B53}"
EndProject
Global
	GlobalSection(SolutionConfigurationPlatforms) = preSolution
		Debug|Any CPU = Debug|Any CPU
		Release|Any CPU = Release|Any CPU
	EndGlobalSection
	GlobalSection(ProjectConfigurationPlatforms) = postSolution
		{FF361D04-3CDE-4AF0-BFBE-9B2A884CA00F}.Debug|Any CPU.ActiveCfg = Debug|Any CPU
		{FF361D04-3CDE-4AF0-BFBE-9B2A884CA00F}.Debug|Any CPU.Build.0 = Debug|Any CPU
		{FF361D04-3CDE-4AF0-BFBE-9B2A884CA00F}.Release|Any CPU.ActiveCfg = Release|Any CPU
		{FF361D04-3CDE-4AF0-BFBE-9B2A884CA00F}.Release|Any CPU.Build.0 = Release|Any CPU
		{E2F3B110-0E8E-4430-A519-F56C1FFC4B53}.Debug|Any CPU.ActiveCfg = Debug|Any CPU
		{E2F3B110-0E8E-4430-A519-F56C1FFC4B53}.Debug|Any CPU.Build.0 = Debug|Any CPU
		{E2F3B110-0E8E-4430-A519-F56C1FFC4B53}.Release|Any CPU.ActiveCfg = Release|Any CPU
		{E2F3B110-0E8E-4430-A519-F56C1FFC4B53}.Release|Any CPU.Build.0 = Release|Any CPU
	EndGlobalSection
	GlobalSection(SolutionProperties) = preSolution
		HideSolutionNode = FALSE
	EndGlobalSection
EndGlobal
